
Microsoft Visual Studio Solution File, Format Version 12.00
# Visual Studio Version 17
VisualStudioVersion = 17.11.35208.52
MinimumVisualStudioVersion = 10.0.40219.1
Project("{FAE04EC0-301F-11D3-BF4B-00C04F79EFBC}") = "WordGuesser", "WordGuesser.csproj", "{7A4EDC71-E662-4C5C-8C10-D96ECB2F7F1C}"
EndProject
Global
	GlobalSection(SolutionConfigurationPlatforms) = preSolution
		Debug|Any CPU = Debug|Any CPU
		Release|Any CPU = Release|Any CPU
	EndGlobalSection
	GlobalSection(ProjectConfigurationPlatforms) = postSolution
		{7A4EDC71-E662-4C5C-8C10-D96ECB2F7F1C}.Debug|Any CPU.ActiveCfg = Debug|Any CPU
		{7A4EDC71-E662-4C5C-8C10-D96ECB2F7F1C}.Debug|Any CPU.Build.0 = Debug|Any CPU
		{7A4EDC71-E662-4C5C-8C10-D96ECB2F7F1C}.Release|Any CPU.ActiveCfg = Release|Any CPU
		{7A4EDC71-E662-4C5C-8C10-D96ECB2F7F1C}.Release|Any CPU.Build.0 = Release|Any CPU
	EndGlobalSection
	GlobalSection(SolutionProperties) = preSolution
		HideSolutionNode = FALSE
	EndGlobalSection
	GlobalSection(ExtensibilityGlobals) = postSolution
		SolutionGuid = {2F612422-0439-4C53-9DF4-7BC467B8C3A3}
	EndGlobalSection
EndGlobal
